
Microsoft Visual Studio Solution File, Format Version 12.00
# Visual Studio Version 17
VisualStudioVersion = 17.8.34525.116
MinimumVisualStudioVersion = 10.0.40219.1
Project("{FAE04EC0-301F-11D3-BF4B-00C04F79EFBC}") = "DiscreteLogarithmCore", "DiscreteLogarithmCore.csproj", "{000ADD38-1F4C-4A60-B325-C0EB52512D86}"
EndProject
Global
	GlobalSection(SolutionConfigurationPlatforms) = preSolution
		Debug|Any CPU = Debug|Any CPU
		Release|Any CPU = Release|Any CPU
	EndGlobalSection
	GlobalSection(ProjectConfigurationPlatforms) = postSolution
		{000ADD38-1F4C-4A60-B325-C0EB52512D86}.Debug|Any CPU.ActiveCfg = Debug|Any CPU
		{000ADD38-1F4C-4A60-B325-C0EB52512D86}.Debug|Any CPU.Build.0 = Debug|Any CPU
		{000ADD38-1F4C-4A60-B325-C0EB52512D86}.Release|Any CPU.ActiveCfg = Release|Any CPU
		{000ADD38-1F4C-4A60-B325-C0EB52512D86}.Release|Any CPU.Build.0 = Release|Any CPU
	EndGlobalSection
	GlobalSection(SolutionProperties) = preSolution
		HideSolutionNode = FALSE
	EndGlobalSection
	GlobalSection(ExtensibilityGlobals) = postSolution
		SolutionGuid = {A9FF9307-B404-46C2-9588-6B549821E974}
	EndGlobalSection
EndGlobal
